{
  "name": "dynamic_envision",
  "version": "0.1.0",
  "lockfileVersion": 3,
  "requires": true,
  "packages": {
    "": {
      "name": "dynamic_envision",
      "version": "0.1.0",
      "license": "MIT",
      "dependencies": {
        "phoenix": "file:../deps/phoenix",
        "phoenix_html": "file:../deps/phoenix_html",
        "phoenix_live_view": "file:../deps/phoenix_live_view"
      },
      "devDependencies": {
        "@tailwindcss/forms": "^0.5.7"
      }
    },
    "../deps/phoenix": {
      "version": "1.7.21",
      "license": "MIT"
    },
    "../deps/phoenix_html": {
      "version": "4.3.0"
    },
    "../deps/phoenix_live_view": {
      "version": "1.0.18",
      "license": "MIT",
      "dependencies": {
        "morphdom": "2.7.7"
      },
      "devDependencies": {
        "@babel/cli": "7.27.0",
        "@babel/core": "7.26.10",
        "@babel/preset-env": "7.26.9",
        "@eslint/js": "^9.24.0",
        "@playwright/test": "^1.51.1",
        "@stylistic/eslint-plugin-js": "^4.2.0",
        "css.escape": "^1.5.1",
        "eslint": "9.24.0",
        "eslint-plugin-jest": "28.11.0",
        "eslint-plugin-playwright": "^2.2.0",
        "globals": "^16.0.0",
        "jest": "^29.7.0",
        "jest-environment-jsdom": "^29.7.0",
        "jest-monocart-coverage": "^1.1.1",
        "monocart-reporter": "^2.9.17",
        "phoenix": "1.7.21"
      }
    },
    "node_modules/@tailwindcss/forms": {
      "version": "0.5.11",
      "resolved": "https://registry.npmjs.org/@tailwindcss/forms/-/forms-0.5.11.tgz",
      "integrity": "sha512-h9wegbZDPurxG22xZSoWtdzc41/OlNEUQERNqI/0fOwa2aVlWGu7C35E/x6LDyD3lgtztFSSjKZyuVM0hxhbgA==",
      "dev": true,
      "license": "MIT",
      "dependencies": {
        "mini-svg-data-uri": "^1.2.3"
      },
      "peerDependencies": {
        "tailwindcss": ">=3.0.0 || >= 3.0.0-alpha.1 || >= 4.0.0-alpha.20 || >= 4.0.0-beta.1"
      }
    },
    "node_modules/mini-svg-data-uri": {
      "version": "1.4.4",
      "resolved": "https://registry.npmjs.org/mini-svg-data-uri/-/mini-svg-data-uri-1.4.4.tgz",
      "integrity": "sha512-r9deDe9p5FJUPZAk3A59wGH7Ii9YrjjWw0jmw/liSbHl2CHiyXj6FcDXDu2K3TjVAXqiJdaw3xxwlZZr9E6nHg==",
      "dev": true,
      "license": "MIT",
      "bin": {
        "mini-svg-data-uri": "cli.js"
      }
    },
    "node_modules/phoenix": {
      "resolved": "../deps/phoenix",
      "link": true
    },
    "node_modules/phoenix_html": {
      "resolved": "../deps/phoenix_html",
      "link": true
    },
    "node_modules/phoenix_live_view": {
      "resolved": "../deps/phoenix_live_view",
      "link": true
    },
    "node_modules/tailwindcss": {
      "version": "4.1.18",
      "resolved": "https://registry.npmjs.org/tailwindcss/-/tailwindcss-4.1.18.tgz",
      "integrity": "sha512-4+Z+0yiYyEtUVCScyfHCxOYP06L5Ne+JiHhY2IjR2KWMIWhJOYZKLSGZaP5HkZ8+bY0cxfzwDE5uOmzFXyIwxw==",
      "dev": true,
      "license": "MIT",
      "peer": true
    }
  }
}
